
Microsoft Visual Studio Solution File, Format Version 12.00
# Visual Studio Version 17
VisualStudioVersion = 17.5.33414.496
MinimumVisualStudioVersion = 10.0.40219.1
Project("{9A19103F-16F7-4668-BE54-9A1E7A4F7556}") = "AgenciaTurismo", "AgenciaTurismo\AgenciaTurismo.csproj", "{AE1D6144-0335-4B00-8418-F4A1A3E37B74}"
EndProject
Global
	GlobalSection(SolutionConfigurationPlatforms) = preSolution
		Debug|Any CPU = Debug|Any CPU
		Release|Any CPU = Release|Any CPU
	EndGlobalSection
	GlobalSection(ProjectConfigurationPlatforms) = postSolution
		{AE1D6144-0335-4B00-8418-F4A1A3E37B74}.Debug|Any CPU.ActiveCfg = Debug|Any CPU
		{AE1D6144-0335-4B00-8418-F4A1A3E37B74}.Debug|Any CPU.Build.0 = Debug|Any CPU
		{AE1D6144-0335-4B00-8418-F4A1A3E37B74}.Release|Any CPU.ActiveCfg = Release|Any CPU
		{AE1D6144-0335-4B00-8418-F4A1A3E37B74}.Release|Any CPU.Build.0 = Release|Any CPU
	EndGlobalSection
	GlobalSection(SolutionProperties) = preSolution
		HideSolutionNode = FALSE
	EndGlobalSection
	GlobalSection(ExtensibilityGlobals) = postSolution
		SolutionGuid = {068B8434-4887-40D7-8AE9-E6ED3F9D2962}
	EndGlobalSection
EndGlobal
